// !$*UTF8*$!
{
	archiveVersion = 1;
	classes = {
	};
	objectVersion = 48;
	objects = {

/* Begin PBXBuildFile section */
		8B63B1AE1FA2FCFB00AA9B75 /* AppDelegate.m in Sources */ = {isa = PBXBuildFile; fileRef = 8B63B1AD1FA2FCFB00AA9B75 /* AppDelegate.m */; };
		8B63B1B11FA2FCFB00AA9B75 /* ViewController.m in Sources */ = {isa = PBXBuildFile; fileRef = 8B63B1B01FA2FCFB00AA9B75 /* ViewController.m */; };
		8B63B1B41FA2FCFB00AA9B75 /* Main.storyboard in Resources */ = {isa = PBXBuildFile; fileRef = 8B63B1B21FA2FCFB00AA9B75 /* Main.storyboard */; };
		8B63B1B61FA2FCFB00AA9B75 /* Assets.xcassets in Resources */ = {isa = PBXBuildFile; fileRef = 8B63B1B51FA2FCFB00AA9B75 /* Assets.xcassets */; };
		8B63B1B91FA2FCFB00AA9B75 /* LaunchScreen.storyboard in Resources */ = {isa = PBXBuildFile; fileRef = 8B63B1B71FA2FCFB00AA9B75 /* LaunchScreen.storyboard */; };
		8B63B1BC1FA2FCFC00AA9B75 /* main.m in Sources */ = {isa = PBXBuildFile; fileRef = 8B63B1BB1FA2FCFC00AA9B75 /* main.m */; };
		8B63B1C61FA2FCFC00AA9B75 /* MoveObjectTests.m in Sources */ = {isa = PBXBuildFile; fileRef = 8B63B1C51FA2FCFC00AA9B75 /* MoveObjectTests.m */; };
		8B63B1D11FA2FD9000AA9B75 /* karishma.jpg in Resources */ = {isa = PBXBuildFile; fileRef = 8B63B1D01FA2FD9000AA9B75 /* karishma.jpg */; };
		8B63B1D31FA3070900AA9B75 /* pavan.jpg in Resources */ = {isa = PBXBuildFile; fileRef = 8B63B1D21FA3070800AA9B75 /* pavan.jpg */; };
/* End PBXBuildFile section */

/* Begin PBXContainerItemProxy section */
		8B63B1C21FA2FCFC00AA9B75 /* PBXContainerItemProxy */ = {
			isa = PBXContainerItemProxy;
			containerPortal = 8B63B1A11FA2FCFB00AA9B75 /* Project object */;
			proxyType = 1;
			remoteGlobalIDString = 8B63B1A81FA2FCFB00AA9B75;
			remoteInfo = MoveObject;
		};
/* End PBXContainerItemProxy section */

/* Begin PBXFileReference section */
		8B63B1A91FA2FCFB00AA9B75 /* MoveObject.app */ = {isa = PBXFileReference; explicitFileType = wrapper.application; includeInIndex = 0; path = MoveObject.app; sourceTree = BUILT_PRODUCTS_DIR; };
		8B63B1AC1FA2FCFB00AA9B75 /* AppDelegate.h */ = {isa = PBXFileReference; lastKnownFileType = sourcecode.c.h; path = AppDelegate.h; sourceTree = "<group>"; };
		8B63B1AD1FA2FCFB00AA9B75 /* AppDelegate.m */ = {isa = PBXFileReference; lastKnownFileType = sourcecode.c.objc; path = AppDelegate.m; sourceTree = "<group>"; };
		8B63B1AF1FA2FCFB00AA9B75 /* ViewController.h */ = {isa = PBXFileReference; lastKnownFileType = sourcecode.c.h; path = ViewController.h; sourceTree = "<group>"; };
		8B63B1B01FA2FCFB00AA9B75 /* ViewController.m */ = {isa = PBXFileReference; lastKnownFileType = sourcecode.c.objc; path = ViewController.m; sourceTree = "<group>"; };
		8B63B1B31FA2FCFB00AA9B75 /* Base */ = {isa = PBXFileReference; lastKnownFileType = file.storyboard; name = Base; path = Base.lproj/Main.storyboard; sourceTree = "<group>"; };
		8B63B1B51FA2FCFB00AA9B75 /* Assets.xcassets */ = {isa = PBXFileReference; lastKnownFileType = folder.assetcatalog; path = Assets.xcassets; sourceTree = "<group>"; };
		8B63B1B81FA2FCFB00AA9B75 /* Base */ = {isa = PBXFileReference; lastKnownFileType = file.storyboard; name = Base; path = Base.lproj/LaunchScreen.storyboard; sourceTree = "<group>"; };
		8B63B1BA1FA2FCFC00AA9B75 /* Info.plist */ = {isa = PBXFileReference; lastKnownFileType = text.plist.xml; path = Info.plist; sourceTree = "<group>"; };
		8B63B1BB1FA2FCFC00AA9B75 /* main.m */ = {isa = PBXFileReference; lastKnownFileType = sourcecode.c.objc; path = main.m; sourceTree = "<group>"; };
		8B63B1C11FA2FCFC00AA9B75 /* MoveObjectTests.xctest */ = {isa = PBXFileReference; explicitFileType = wrapper.cfbundle; includeInIndex = 0; path = MoveObjectTests.xctest; sourceTree = BUILT_PRODUCTS_DIR; };
		8B63B1C51FA2FCFC00AA9B75 /* MoveObjectTests.m */ = {isa = PBXFileReference; lastKnownFileType = sourcecode.c.objc; path = MoveObjectTests.m; sourceTree = "<group>"; };
		8B63B1C71FA2FCFC00AA9B75 /* Info.plist */ = {isa = PBXFileReference; lastKnownFileType = text.plist.xml; path = Info.plist; sourceTree = "<group>"; };
		8B63B1D01FA2FD9000AA9B75 /* karishma.jpg */ = {isa = PBXFileReference; lastKnownFileType = image.jpeg; path = karishma.jpg; sourceTree = "<group>"; };
		8B63B1D21FA3070800AA9B75 /* pavan.jpg */ = {isa = PBXFileReference; lastKnownFileType = image.jpeg; path = pavan.jpg; sourceTree = "<group>"; };
/* End PBXFileReference section */

/* Begin PBXFrameworksBuildPhase section */
		8B63B1A61FA2FCFB00AA9B75 /* Frameworks */ = {
			isa = PBXFrameworksBuildPhase;
			buildActionMask = 2147483647;
			files = (
			);
			runOnlyForDeploymentPostprocessing = 0;
		};
		8B63B1BE1FA2FCFC00AA9B75 /* Frameworks */ = {
			isa = PBXFrameworksBuildPhase;
			buildActionMask = 2147483647;
			files = (
			);
			runOnlyForDeploymentPostprocessing = 0;
		};
/* End PBXFrameworksBuildPhase section */

/* Begin PBXGroup section */
		8B63B1A01FA2FCFB00AA9B75 = {
			isa = PBXGroup;
			children = (
				8B63B1AB1FA2FCFB00AA9B75 /* MoveObject */,
				8B63B1C41FA2FCFC00AA9B75 /* MoveObjectTests */,
				8B63B1AA1FA2FCFB00AA9B75 /* Products */,
			);
			sourceTree = "<group>";
		};
		8B63B1AA1FA2FCFB00AA9B75 /* Products */ = {
			isa = PBXGroup;
			children = (
				8B63B1A91FA2FCFB00AA9B75 /* MoveObject.app */,
				8B63B1C11FA2FCFC00AA9B75 /* MoveObjectTests.xctest */,
			);
			name = Products;
			sourceTree = "<group>";
		};
		8B63B1AB1FA2FCFB00AA9B75 /* MoveObject */ = {
			isa = PBXGroup;
			children = (
				8B63B1AC1FA2FCFB00AA9B75 /* AppDelegate.h */,
				8B63B1AD1FA2FCFB00AA9B75 /* AppDelegate.m */,
				8B63B1D01FA2FD9000AA9B75 /* karishma.jpg */,
				8B63B1D21FA3070800AA9B75 /* pavan.jpg */,
				8B63B1AF1FA2FCFB00AA9B75 /* ViewController.h */,
				8B63B1B01FA2FCFB00AA9B75 /* ViewController.m */,
				8B63B1B21FA2FCFB00AA9B75 /* Main.storyboard */,
				8B63B1B51FA2FCFB00AA9B75 /* Assets.xcassets */,
				8B63B1B71FA2FCFB00AA9B75 /* LaunchScreen.storyboard */,
				8B63B1BA1FA2FCFC00AA9B75 /* Info.plist */,
				8B63B1BB1FA2FCFC00AA9B75 /* main.m */,
			);
			path = MoveObject;
			sourceTree = "<group>";
		};
		8B63B1C41FA2FCFC00AA9B75 /* MoveObjectTests */ = {
			isa = PBXGroup;
			children = (
				8B63B1C51FA2FCFC00AA9B75 /* MoveObjectTests.m */,
				8B63B1C71FA2FCFC00AA9B75 /* Info.plist */,
			);
			path = MoveObjectTests;
			sourceTree = "<group>";
		};
/* End PBXGroup section */

/* Begin PBXNativeTarget section */
		8B63B1A81FA2FCFB00AA9B75 /* MoveObject */ = {
			isa = PBXNativeTarget;
			buildConfigurationList = 8B63B1CA1FA2FCFC00AA9B75 /* Build configuration list for PBXNativeTarget "MoveObject" */;
			buildPhases = (
				8B63B1A51FA2FCFB00AA9B75 /* Sources */,
				8B63B1A61FA2FCFB00AA9B75 /* Frameworks */,
				8B63B1A71FA2FCFB00AA9B75 /* Resources */,
			);
			buildRules = (
			);
			dependencies = (
			);
			name = MoveObject;
			productName = MoveObject;
			productReference = 8B63B1A91FA2FCFB00AA9B75 /* MoveObject.app */;
			productType = "com.apple.product-type.application";
		};
		8B63B1C01FA2FCFC00AA9B75 /* MoveObjectTests */ = {
			isa = PBXNativeTarget;
			buildConfigurationList = 8B63B1CD1FA2FCFC00AA9B75 /* Build configuration list for PBXNativeTarget "MoveObjectTests" */;
			buildPhases = (
				8B63B1BD1FA2FCFC00AA9B75 /* Sources */,
				8B63B1BE1FA2FCFC00AA9B75 /* Frameworks */,
				8B63B1BF1FA2FCFC00AA9B75 /* Resources */,
			);
			buildRules = (
			);
			dependencies = (
				8B63B1C31FA2FCFC00AA9B75 /* PBXTargetDependency */,
			);
			name = MoveObjectTests;
			productName = MoveObjectTests;
			productReference = 8B63B1C11FA2FCFC00AA9B75 /* MoveObjectTests.xctest */;
			productType = "com.apple.product-type.bundle.unit-test";
		};
/* End PBXNativeTarget section */

/* Begin PBXProject section */
		8B63B1A11FA2FCFB00AA9B75 /* Project object */ = {
			isa = PBXProject;
			attributes = {
				LastUpgradeCheck = 0900;
				ORGANIZATIONNAME = Pavan;
				TargetAttributes = {
					8B63B1A81FA2FCFB00AA9B75 = {
						CreatedOnToolsVersion = 9.0.1;
						ProvisioningStyle = Automatic;
					};
					8B63B1C01FA2FCFC00AA9B75 = {
						CreatedOnToolsVersion = 9.0.1;
						ProvisioningStyle = Automatic;
						TestTargetID = 8B63B1A81FA2FCFB00AA9B75;
					};
				};
			};
			buildConfigurationList = 8B63B1A41FA2FCFB00AA9B75 /* Build configuration list for PBXProject "MoveObject" */;
			compatibilityVersion = "Xcode 8.0";
			developmentRegion = en;
			hasScannedForEncodings = 0;
			knownRegions = (
				en,
				Base,
			);
			mainGroup = 8B63B1A01FA2FCFB00AA9B75;
			productRefGroup = 8B63B1AA1FA2FCFB00AA9B75 /* Products */;
			projectDirPath = "";
			projectRoot = "";
			targets = (
				8B63B1A81FA2FCFB00AA9B75 /* MoveObject */,
				8B63B1C01FA2FCFC00AA9B75 /* MoveObjectTests */,
			);
		};
/* End PBXProject section */

/* Begin PBXResourcesBuildPhase section */
		8B63B1A71FA2FCFB00AA9B75 /* Resources */ = {
			isa = PBXResourcesBuildPhase;
			buildActionMask = 2147483647;
			files = (
				8B63B1B91FA2FCFB00AA9B75 /* LaunchScreen.storyboard in Resources */,
				8B63B1B61FA2FCFB00AA9B75 /* Assets.xcassets in Resources */,
				8B63B1B41FA2FCFB00AA9B75 /* Main.storyboard in Resources */,
				8B63B1D11FA2FD9000AA9B75 /* karishma.jpg in Resources */,
				8B63B1D31FA3070900AA9B75 /* pavan.jpg in Resources */,
			);
			runOnlyForDeploymentPostprocessing = 0;
		};
		8B63B1BF1FA2FCFC00AA9B75 /* Resources */ = {
			isa = PBXResourcesBuildPhase;
			buildActionMask = 2147483647;
			files = (
			);
			runOnlyForDeploymentPostprocessing = 0;
		};
/* End PBXResourcesBuildPhase section */

/* Begin PBXSourcesBuildPhase section */
		8B63B1A51FA2FCFB00AA9B75 /* Sources */ = {
			isa = PBXSourcesBuildPhase;
			buildActionMask = 2147483647;
			files = (
				8B63B1B11FA2FCFB00AA9B75 /* ViewController.m in Sources */,
				8B63B1BC1FA2FCFC00AA9B75 /* main.m in Sources */,
				8B63B1AE1FA2FCFB00AA9B75 /* AppDelegate.m in Sources */,
			);
			runOnlyForDeploymentPostprocessing = 0;
		};
		8B63B1BD1FA2FCFC00AA9B75 /* Sources */ = {
			isa = PBXSourcesBuildPhase;
			buildActionMask = 2147483647;
			files = (
				8B63B1C61FA2FCFC00AA9B75 /* MoveObjectTests.m in Sources */,
			);
			runOnlyForDeploymentPostprocessing = 0;
		};
/* End PBXSourcesBuildPhase section */

/* Begin PBXTargetDependency section */
		8B63B1C31FA2FCFC00AA9B75 /* PBXTargetDependency */ = {
			isa = PBXTargetDependency;
			target = 8B63B1A81FA2FCFB00AA9B75 /* MoveObject */;
			targetProxy = 8B63B1C21FA2FCFC00AA9B75 /* PBXContainerItemProxy */;
		};
/* End PBXTargetDependency section */

/* Begin PBXVariantGroup section */
		8B63B1B21FA2FCFB00AA9B75 /* Main.storyboard */ = {
			isa = PBXVariantGroup;
			children = (
				8B63B1B31FA2FCFB00AA9B75 /* Base */,
			);
			name = Main.storyboard;
			sourceTree = "<group>";
		};
		8B63B1B71FA2FCFB00AA9B75 /* LaunchScreen.storyboard */ = {
			isa = PBXVariantGroup;
			children = (
				8B63B1B81FA2FCFB00AA9B75 /* Base */,
			);
			name = LaunchScreen.storyboard;
			sourceTree = "<group>";
		};
/* End PBXVariantGroup section */

/* Begin XCBuildConfiguration section */
		8B63B1C81FA2FCFC00AA9B75 /* Debug */ = {
			isa = XCBuildConfiguration;
			buildSettings = {
				ALWAYS_SEARCH_USER_PATHS = NO;
				CLANG_ANALYZER_NONNULL = YES;
				CLANG_ANALYZER_NUMBER_OBJECT_CONVERSION = YES_AGGRESSIVE;
				CLANG_CXX_LANGUAGE_STANDARD = "gnu++14";
				CLANG_CXX_LIBRARY = "libc++";
				CLANG_ENABLE_MODULES = YES;
				CLANG_ENABLE_OBJC_ARC = YES;
				CLANG_WARN_BLOCK_CAPTURE_AUTORELEASING = YES;
				CLANG_WARN_BOOL_CONVERSION = YES;
				CLANG_WARN_COMMA = YES;
				CLANG_WARN_CONSTANT_CONVERSION = YES;
				CLANG_WARN_DIRECT_OBJC_ISA_USAGE = YES_ERROR;
				CLANG_WARN_DOCUMENTATION_COMMENTS = YES;
				CLANG_WARN_EMPTY_BODY = YES;
				CLANG_WARN_ENUM_CONVERSION = YES;
				CLANG_WARN_INFINITE_RECURSION = YES;
				CLANG_WARN_INT_CONVERSION = YES;
				CLANG_WARN_NON_LITERAL_NULL_CONVERSION = YES;
				CLANG_WARN_OBJC_LITERAL_CONVERSION = YES;
				CLANG_WARN_OBJC_ROOT_CLASS = YES_ERROR;
				CLANG_WARN_RANGE_LOOP_ANALYSIS = YES;
				CLANG_WARN_STRICT_PROTOTYPES = YES;
				CLANG_WARN_SUSPICIOUS_MOVE = YES;
				CLANG_WARN_UNGUARDED_AVAILABILITY = YES_AGGRESSIVE;
				CLANG_WARN_UNREACHABLE_CODE = YES;
				CLANG_WARN__DUPLICATE_METHOD_MATCH = YES;
				CODE_SIGN_IDENTITY = "iPhone Developer";
				COPY_PHASE_STRIP = NO;
				DEBUG_INFORMATION_FORMAT = dwarf;
				ENABLE_STRICT_OBJC_MSGSEND = YES;
				ENABLE_TESTABILITY = YES;
				GCC_C_LANGUAGE_STANDARD = gnu11;
				GCC_DYNAMIC_NO_PIC = NO;
				GCC_NO_COMMON_BLOCKS = YES;
				GCC_OPTIMIZATION_LEVEL = 0;
				GCC_PREPROCESSOR_DEFINITIONS = (
					"DEBUG=1",
					"$(inherited)",
				);
				GCC_WARN_64_TO_32_BIT_CONVERSION = YES;
				GCC_WARN_ABOUT_RETURN_TYPE = YES_ERROR;
				GCC_WARN_UNDECLARED_SELECTOR = YES;
				GCC_WARN_UNINITIALIZED_AUTOS = YES_AGGRESSIVE;
				GCC_WARN_UNUSED_FUNCTION = YES;
				GCC_WARN_UNUSED_VARIABLE = YES;
				IPHONEOS_DEPLOYMENT_TARGET = 11.0;
				MTL_ENABLE_DEBUG_INFO = YES;
				ONLY_ACTIVE_ARCH = YES;
				SDKROOT = iphoneos;
			};
			name = Debug;
		};
		8B63B1C91FA2FCFC00AA9B75 /* Release */ = {
			isa = XCBuildConfiguration;
			buildSettings = {
				ALWAYS_SEARCH_USER_PATHS = NO;
				CLANG_ANALYZER_NONNULL = YES;
				CLANG_ANALYZER_NUMBER_OBJECT_CONVERSION = YES_AGGRESSIVE;
				CLANG_CXX_LANGUAGE_STANDARD = "gnu++14";
				CLANG_CXX_LIBRARY = "libc++";
				CLANG_ENABLE_MODULES = YES;
				CLANG_ENABLE_OBJC_ARC = YES;
				CLANG_WARN_BLOCK_CAPTURE_AUTORELEASING = YES;
				CLANG_WARN_BOOL_CONVERSION = YES;
				CLANG_WARN_COMMA = YES;
				CLANG_WARN_CONSTANT_CONVERSION = YES;
				CLANG_WARN_DIRECT_OBJC_ISA_USAGE = YES_ERROR;
				CLANG_WARN_DOCUMENTATION_COMMENTS = YES;
				CLANG_WARN_EMPTY_BODY = YES;
				CLANG_WARN_ENUM_CONVERSION = YES;
				CLANG_WARN_INFINITE_RECURSION = YES;
				CLANG_WARN_INT_CONVERSION = YES;
				CLANG_WARN_NON_LITERAL_NULL_CONVERSION = YES;
				CLANG_WARN_OBJC_LITERAL_CONVERSION = YES;
				CLANG_WARN_OBJC_ROOT_CLASS = YES_ERROR;
				CLANG_WARN_RANGE_LOOP_ANALYSIS = YES;
				CLANG_WARN_STRICT_PROTOTYPES = YES;
				CLANG_WARN_SUSPICIOUS_MOVE = YES;
				CLANG_WARN_UNGUARDED_AVAILABILITY = YES_AGGRESSIVE;
				CLANG_WARN_UNREACHABLE_CODE = YES;
				CLANG_WARN__DUPLICATE_METHOD_MATCH = YES;
				CODE_SIGN_IDENTITY = "iPhone Developer";
				COPY_PHASE_STRIP = NO;
				DEBUG_INFORMATION_FORMAT = "dwarf-with-dsym";
				ENABLE_NS_ASSERTIONS = NO;
				ENABLE_STRICT_OBJC_MSGSEND = YES;
				GCC_C_LANGUAGE_STANDARD = gnu11;
				GCC_NO_COMMON_BLOCKS = YES;
				GCC_WARN_64_TO_32_BIT_CONVERSION = YES;
				GCC_WARN_ABOUT_RETURN_TYPE = YES_ERROR;
				GCC_WARN_UNDECLARED_SELECTOR = YES;
				GCC_WARN_UNINITIALIZED_AUTOS = YES_AGGRESSIVE;
				GCC_WARN_UNUSED_FUNCTION = YES;
				GCC_WARN_UNUSED_VARIABLE = YES;
				IPHONEOS_DEPLOYMENT_TARGET = 11.0;
				MTL_ENABLE_DEBUG_INFO = NO;
				SDKROOT = iphoneos;
				VALIDATE_PRODUCT = YES;
			};
			name = Release;
		};
		8B63B1CB1FA2FCFC00AA9B75 /* Debug */ = {
			isa = XCBuildConfiguration;
			buildSettings = {
				ASSETCATALOG_COMPILER_APPICON_NAME = AppIcon;
				CODE_SIGN_STYLE = Automatic;
				DEVELOPMENT_TEAM = YDRLUA28BW;
				INFOPLIST_FILE = MoveObject/Info.plist;
				LD_RUNPATH_SEARCH_PATHS = "$(inherited) @executable_path/Frameworks";
				PRODUCT_BUNDLE_IDENTIFIER = com.dzo.MoveObject;
				PRODUCT_NAME = "$(TARGET_NAME)";
				TARGETED_DEVICE_FAMILY = "1,2";
			};
			name = Debug;
		};
		8B63B1CC1FA2FCFC00AA9B75 /* Release */ = {
			isa = XCBuildConfiguration;
			buildSettings = {
				ASSETCATALOG_COMPILER_APPICON_NAME = AppIcon;
				CODE_SIGN_STYLE = Automatic;
				DEVELOPMENT_TEAM = YDRLUA28BW;
				INFOPLIST_FILE = MoveObject/Info.plist;
				LD_RUNPATH_SEARCH_PATHS = "$(inherited) @executable_path/Frameworks";
				PRODUCT_BUNDLE_IDENTIFIER = com.dzo.MoveObject;
				PRODUCT_NAME = "$(TARGET_NAME)";
				TARGETED_DEVICE_FAMILY = "1,2";
			};
			name = Release;
		};
		8B63B1CE1FA2FCFC00AA9B75 /* Debug */ = {
			isa = XCBuildConfiguration;
			buildSettings = {
				BUNDLE_LOADER = "$(TEST_HOST)";
				CODE_SIGN_STYLE = Automatic;
				DEVELOPMENT_TEAM = YDRLUA28BW;
				INFOPLIST_FILE = MoveObjectTests/Info.plist;
				LD_RUNPATH_SEARCH_PATHS = "$(inherited) @executable_path/Frameworks @loader_path/Frameworks";
				PRODUCT_BUNDLE_IDENTIFIER = com.dzo.MoveObjectTests;
				PRODUCT_NAME = "$(TARGET_NAME)";
				TARGETED_DEVICE_FAMILY = "1,2";
				TEST_HOST = "$(BUILT_PRODUCTS_DIR)/MoveObject.app/MoveObject";
			};
			name = Debug;
		};
		8B63B1CF1FA2FCFC00AA9B75 /* Release */ = {
			isa = XCBuildConfiguration;
			buildSettings = {
				BUNDLE_LOADER = "$(TEST_HOST)";
				CODE_SIGN_STYLE = Automatic;
				DEVELOPMENT_TEAM = YDRLUA28BW;
				INFOPLIST_FILE = MoveObjectTests/Info.plist;
				LD_RUNPATH_SEARCH_PATHS = "$(inherited) @executable_path/Frameworks @loader_path/Frameworks";
				PRODUCT_BUNDLE_IDENTIFIER = com.dzo.MoveObjectTests;
				PRODUCT_NAME = "$(TARGET_NAME)";
				TARGETED_DEVICE_FAMILY = "1,2";
				TEST_HOST = "$(BUILT_PRODUCTS_DIR)/MoveObject.app/MoveObject";
			};
			name = Release;
		};
/* End XCBuildConfiguration section */

/* Begin XCConfigurationList section */
		8B63B1A41FA2FCFB00AA9B75 /* Build configuration list for PBXProject "MoveObject" */ = {
			isa = XCConfigurationList;
			buildConfigurations = (
				8B63B1C81FA2FCFC00AA9B75 /* Debug */,
				8B63B1C91FA2FCFC00AA9B75 /* Release */,
			);
			defaultConfigurationIsVisible = 0;
			defaultConfigurationName = Release;
		};
		8B63B1CA1FA2FCFC00AA9B75 /* Build configuration list for PBXNativeTarget "MoveObject" */ = {
			isa = XCConfigurationList;
			buildConfigurations = (
				8B63B1CB1FA2FCFC00AA9B75 /* Debug */,
				8B63B1CC1FA2FCFC00AA9B75 /* Release */,
			);
			defaultConfigurationIsVisible = 0;
			defaultConfigurationName = Release;
		};
		8B63B1CD1FA2FCFC00AA9B75 /* Build configuration list for PBXNativeTarget "MoveObjectTests" */ = {
			isa = XCConfigurationList;
			buildConfigurations = (
				8B63B1CE1FA2FCFC00AA9B75 /* Debug */,
				8B63B1CF1FA2FCFC00AA9B75 /* Release */,
			);
			defaultConfigurationIsVisible = 0;
			defaultConfigurationName = Release;
		};
/* End XCConfigurationList section */
	};
	rootObject = 8B63B1A11FA2FCFB00AA9B75 /* Project object */;
}
